# Generated by pub
# See https://dart.dev/tools/pub/glossary#lockfile
packages:
  amplitude_flutter:
    dependency: "direct dev"
    description:
      name: amplitude_flutter
      sha256: bbc9f4520d5c33c9c9eb1d57e2c58d93975800b4b88487082dad62aca579a89e
      url: "https://pub.dev"
    source: hosted
    version: "3.10.0"
  async:
    dependency: transitive
    description:
      name: async
      sha256: bfe67ef28df125b7dddcea62755991f807aa39a2492a23e1550161692950bbe0
      url: "https://pub.dev"
    source: hosted
    version: "2.10.0"
  boolean_selector:
    dependency: transitive
    description:
      name: boolean_selector
      sha256: "6cfb5af12253eaf2b368f07bacc5a80d1301a071c73360d746b7f2e32d762c66"
      url: "https://pub.dev"
    source: hosted
    version: "2.1.1"
  cached_network_image:
    dependency: "direct main"
    description:
      name: cached_network_image
      sha256: "91b01b2f54922423fa06dce455e0cd8fa46c551d01503162e067f84bab505e32"
      url: "https://pub.dev"
    source: hosted
    version: "3.2.0"
  cached_network_image_platform_interface:
    dependency: transitive
    description:
      name: cached_network_image_platform_interface
      sha256: "8e2b5befefec5063bee8f209fda21751f6328d405d4237c70f21104568b2fee7"
      url: "https://pub.dev"
    source: hosted
    version: "1.0.0"
  cached_network_image_web:
    dependency: transitive
    description:
      name: cached_network_image_web
      sha256: d4351c7eb16767df129b0474a5ebc4e028870379c063e8ba265a56aa00831e70
      url: "https://pub.dev"
    source: hosted
    version: "1.0.1"
  carousel_slider:
    dependency: "direct main"
    description:
      name: carousel_slider
      sha256: "5a1c1dd80ce7cbd69752fb283635b67b934528c87a031ac91646c0a9ba767705"
      url: "https://pub.dev"
    source: hosted
    version: "4.0.0"
  characters:
    dependency: transitive
    description:
      name: characters
      sha256: e6a326c8af69605aec75ed6c187d06b349707a27fbff8222ca9cc2cff167975c
      url: "https://pub.dev"
    source: hosted
    version: "1.2.1"
  charcode:
    dependency: transitive
    description:
      name: charcode
      sha256: fb98c0f6d12c920a02ee2d998da788bca066ca5f148492b7085ee23372b12306
      url: "https://pub.dev"
    source: hosted
    version: "1.3.1"
  clock:
    dependency: transitive
    description:
      name: clock
      sha256: cb6d7f03e1de671e34607e909a7213e31d7752be4fb66a86d29fe1eb14bfb5cf
      url: "https://pub.dev"
    source: hosted
    version: "1.1.1"
  cloud_functions:
    dependency: "direct main"
    description:
      name: cloud_functions
      sha256: fad6803735e353bb77818423f02b7baea91522c6841099da165060f011cd87a1
      url: "https://pub.dev"
    source: hosted
    version: "3.2.9"
  cloud_functions_platform_interface:
    dependency: transitive
    description:
      name: cloud_functions_platform_interface
      sha256: "808bf6d3e21319734f0a523e1a63398eb0a0d4dc85d93516c964b9b034f46c5f"
      url: "https://pub.dev"
    source: hosted
    version: "5.1.4"
  cloud_functions_web:
    dependency: transitive
    description:
      name: cloud_functions_web
      sha256: "4701afe922ac2a415b927e1006c6f9aa18a768501450f799539276f1af9c8762"
      url: "https://pub.dev"
    source: hosted
    version: "4.2.12"
  collection:
    dependency: transitive
    description:
      name: collection
      sha256: cfc915e6923fe5ce6e153b0723c753045de46de1b4d63771530504004a45fae0
      url: "https://pub.dev"
    source: hosted
    version: "1.17.0"
  crypto:
    dependency: transitive
    description:
      name: crypto
      sha256: cf75650c66c0316274e21d7c43d3dea246273af5955bd94e8184837cd577575c
      url: "https://pub.dev"
    source: hosted
    version: "3.0.1"
  cupertino_icons:
    dependency: "direct main"
    description:
      name: cupertino_icons
      sha256: caac504f942f41dfadcf45229ce8c47065b93919a12739f20d6173a883c5ec73
      url: "https://pub.dev"
    source: hosted
    version: "1.0.2"
  device_frame:
    dependency: transitive
    description:
      name: device_frame
      sha256: d5b4541a8755a36ac50b6605200e51db6d264438a38f327aec2ce31870e49885
      url: "https://pub.dev"
    source: hosted
    version: "1.0.0"
  device_preview:
    dependency: "direct main"
    description:
      name: device_preview
      sha256: a9b78972be59eebb0b96599c2c15b82239ddd4cb7d8e7f177be6ca910a397955
      url: "https://pub.dev"
    source: hosted
    version: "1.0.0"
  dio:
    dependency: "direct main"
    description:
      name: dio
      sha256: "5fd6e152bdbc876bc6e81910e16a2bd36e0c68e23d87316e8da67a1ec8fd7b1c"
      url: "https://pub.dev"
    source: hosted
    version: "4.0.4"
  eventify:
    dependency: transitive
    description:
      name: eventify
      sha256: "8071b611f06212df489ded214ba5b043d27d0f78e71c775edbdae0f967e7f071"
      url: "https://pub.dev"
    source: hosted
    version: "1.0.0"
  fake_async:
    dependency: transitive
    description:
      name: fake_async
      sha256: "511392330127add0b769b75a987850d136345d9227c6b94c96a04cf4a391bf78"
      url: "https://pub.dev"
    source: hosted
    version: "1.3.1"
  ffi:
    dependency: transitive
    description:
      name: ffi
      sha256: "35d0f481d939de0d640b3db9a7aa36a52cd22054a798a73b4f50bdad5ce12678"
      url: "https://pub.dev"
    source: hosted
    version: "1.1.2"
  file:
    dependency: transitive
    description:
      name: file
      sha256: b69516f2c26a5bcac4eee2e32512e1a5205ab312b3536c1c1227b2b942b5f9ad
      url: "https://pub.dev"
    source: hosted
    version: "6.1.2"
  firebase_auth:
    dependency: "direct main"
    description:
      name: firebase_auth
      sha256: d979f344ad834ba668bd1cd914ab647cc6f62c2da39925cc92674a6c830a1195
      url: "https://pub.dev"
    source: hosted
    version: "3.3.9"
  firebase_auth_platform_interface:
    dependency: transitive
    description:
      name: firebase_auth_platform_interface
      sha256: a57b948ebbf68ca89c81f1a5f58d991ca0657bead88c567c398959e6aa6ca5af
      url: "https://pub.dev"
    source: hosted
    version: "6.2.4"
  firebase_auth_web:
    dependency: transitive
    description:
      name: firebase_auth_web
      sha256: "42ba3b246d0d795a39b2bdfcc8c10556f9a21ac523a43dac3ea131590550a639"
      url: "https://pub.dev"
    source: hosted
    version: "3.3.13"
  firebase_core:
    dependency: "direct main"
    description:
      name: firebase_core
      sha256: "2734531342794c847420f92ae85cc35c12135203ff919c2c5d4cfbca5d2de7bc"
      url: "https://pub.dev"
    source: hosted
    version: "1.13.1"
  firebase_core_platform_interface:
    dependency: transitive
    description:
      name: firebase_core_platform_interface
      sha256: "195560eedebc480157aa60fc75d1a81e881a5c417482387ff60be2ca4a2fe645"
      url: "https://pub.dev"
    source: hosted
    version: "4.4.3"
  firebase_core_web:
    dependency: transitive
    description:
      name: firebase_core_web
      sha256: f4585d76e82c165d38f7dac2d8fbc5d8a10e11423149d3deba41865a07107595
      url: "https://pub.dev"
    source: hosted
    version: "1.6.6"
  firebase_dynamic_links:
    dependency: "direct main"
    description:
      name: firebase_dynamic_links
      sha256: f486a19c45ad825fed8720452d95a9f798f8d4600cb1b4d06ae48a4118f8e35e
      url: "https://pub.dev"
    source: hosted
    version: "4.3.1"
  firebase_dynamic_links_platform_interface:
    dependency: transitive
    description:
      name: firebase_dynamic_links_platform_interface
      sha256: "1b2848a31b43c692e4153fe30902387ba7f48a7d15b24887cdf07a3174701c8a"
      url: "https://pub.dev"
    source: hosted
    version: "0.2.3+6"
  firebase_remote_config:
    dependency: "direct main"
    description:
      name: firebase_remote_config
      sha256: "57d7140c09ce4ea68909aff531a407e92dee28cafe056f83f92383003b0ce670"
      url: "https://pub.dev"
    source: hosted
    version: "2.0.11"
  firebase_remote_config_platform_interface:
    dependency: transitive
    description:
      name: firebase_remote_config_platform_interface
      sha256: a54794c868876c1a75fac32e705d6cf3c10d1d3071fc3a9f280fc06056224d10
      url: "https://pub.dev"
    source: hosted
    version: "1.1.10"
  firebase_remote_config_web:
    dependency: transitive
    description:
      name: firebase_remote_config_web
      sha256: a67fd658e717aca5d5ae1828295810beb0fcc3416ef9160d0f82a5bbf9df7931
      url: "https://pub.dev"
    source: hosted
    version: "1.0.16"
  flutter:
    dependency: "direct main"
    description: flutter
    source: sdk
    version: "0.0.0"
  flutter_blurhash:
    dependency: transitive
    description:
      name: flutter_blurhash
      sha256: "93f1c766a03dee60ced31b4b536fbc406c21c9cfac3064fd4138129bff44444d"
      url: "https://pub.dev"
    source: hosted
    version: "0.6.8"
  flutter_cache_manager:
    dependency: transitive
    description:
      name: flutter_cache_manager
      sha256: "32cd900555219333326a2d0653aaaf8671264c29befa65bbd9856d204a4c9fb3"
      url: "https://pub.dev"
    source: hosted
    version: "3.3.0"
  flutter_lints:
    dependency: "direct dev"
    description:
      name: flutter_lints
      sha256: b543301ad291598523947dc534aaddc5aaad597b709d2426d3a0e0d44c5cb493
      url: "https://pub.dev"
    source: hosted
    version: "1.0.4"
  flutter_localizations:
    dependency: transitive
    description: flutter
    source: sdk
    version: "0.0.0"
  flutter_rating_bar:
    dependency: "direct main"
    description:
      name: flutter_rating_bar
      sha256: "2fece35ffea3fdf849e44eef35d73da0bdf1e2a8ad2b1904ec58320dda8f8488"
      url: "https://pub.dev"
    source: hosted
    version: "4.0.0"
  flutter_svg:
    dependency: "direct main"
    description:
      name: flutter_svg
      sha256: c9bb2757b8a0bbf8e45f4069a90d2b9dbafc80b1a5e28d43e29088be533e6df4
      url: "https://pub.dev"
    source: hosted
    version: "1.0.3"
  flutter_test:
    dependency: "direct dev"
    description: flutter
    source: sdk
    version: "0.0.0"
  flutter_web_plugins:
    dependency: transitive
    description: flutter
    source: sdk
    version: "0.0.0"
  fluttertoast:
    dependency: "direct main"
    description:
      name: fluttertoast
      sha256: b528e78a4e69957bb8a33d9e8ceaa728801bb7c6ce599e811e49cf6d94d17fef
      url: "https://pub.dev"
    source: hosted
    version: "8.0.9"
  font_awesome_flutter:
    dependency: "direct main"
    description:
      name: font_awesome_flutter
      sha256: bae6387c6e4dbff3deab0c79636ce361de7e6858708c8845fc2addd8d7e697eb
      url: "https://pub.dev"
    source: hosted
    version: "9.1.0"
  freezed_annotation:
    dependency: transitive
    description:
      name: freezed_annotation
      sha256: "1be037f901137bf2b9a0c309e9bf2694d6ec77687645211218191ade4f41a4b8"
      url: "https://pub.dev"
    source: hosted
    version: "1.1.0"
  http:
    dependency: transitive
    description:
      name: http
      sha256: "2ed163531e071c2c6b7c659635112f24cb64ecbebf6af46b550d536c0b1aa112"
      url: "https://pub.dev"
    source: hosted
    version: "0.13.4"
  http_parser:
    dependency: transitive
    description:
      name: http_parser
      sha256: e362d639ba3bc07d5a71faebb98cde68c05bfbcfbbb444b60b6f60bb67719185
      url: "https://pub.dev"
    source: hosted
    version: "4.0.0"
  intl:
    dependency: "direct main"
    description:
      name: intl
      sha256: "910f85bce16fb5c6f614e117efa303e85a1731bb0081edf3604a2ae6e9a3cc91"
      url: "https://pub.dev"
    source: hosted
    version: "0.17.0"
  js:
    dependency: transitive
    description:
      name: js
      sha256: "5528c2f391ededb7775ec1daa69e65a2d61276f7552de2b5f7b8d34ee9fd4ab7"
      url: "https://pub.dev"
    source: hosted
    version: "0.6.5"
  json_annotation:
    dependency: transitive
    description:
      name: json_annotation
      sha256: "2639efc0237c7b71c6584696c0847ea4e4733ddaf571ae9c79d5295e8ae17272"
      url: "https://pub.dev"
    source: hosted
    version: "4.4.0"
  lints:
    dependency: transitive
    description:
      name: lints
      sha256: a2c3d198cb5ea2e179926622d433331d8b58374ab8f29cdda6e863bd62fd369c
      url: "https://pub.dev"
    source: hosted
    version: "1.0.1"
  matcher:
    dependency: transitive
    description:
      name: matcher
      sha256: "16db949ceee371e9b99d22f88fa3a73c4e59fd0afed0bd25fc336eb76c198b72"
      url: "https://pub.dev"
    source: hosted
    version: "0.12.13"
  material_color_utilities:
    dependency: transitive
    description:
      name: material_color_utilities
      sha256: d92141dc6fe1dad30722f9aa826c7fbc896d021d792f80678280601aff8cf724
      url: "https://pub.dev"
    source: hosted
    version: "0.2.0"
  meta:
    dependency: transitive
    description:
      name: meta
      sha256: "6c268b42ed578a53088d834796959e4a1814b5e9e164f147f580a386e5decf42"
      url: "https://pub.dev"
    source: hosted
    version: "1.8.0"
  mime:
    dependency: transitive
    description:
      name: mime
      sha256: dab22e92b41aa1255ea90ddc4bc2feaf35544fd0728e209638cad041a6e3928a
      url: "https://pub.dev"
    source: hosted
    version: "1.0.2"
  nested:
    dependency: transitive
    description:
      name: nested
      sha256: "03bac4c528c64c95c722ec99280375a6f2fc708eec17c7b3f07253b626cd2a20"
      url: "https://pub.dev"
    source: hosted
    version: "1.0.0"
  octo_image:
    dependency: transitive
    description:
      name: octo_image
      sha256: a4d69f0677d742a5c76b26430aeae9420656226f8b6add0f3d9a7c6309f35012
      url: "https://pub.dev"
    source: hosted
    version: "1.0.1"
  otp_text_field:
    dependency: "direct main"
    description:
      name: otp_text_field
      sha256: "2913ebaa232fd0e8b74a10aabb92eb926f4a6b0044da8ae57026ab53a0fc4c4a"
      url: "https://pub.dev"
    source: hosted
    version: "1.1.2"
  package_info_plus:
    dependency: "direct main"
    description:
      name: package_info_plus
      sha256: "7a6114becdf042be2b0777d77ace954d4a205644171a1cbd8712976b9bbb837c"
      url: "https://pub.dev"
    source: hosted
    version: "1.4.2"
  package_info_plus_linux:
    dependency: transitive
    description:
      name: package_info_plus_linux
      sha256: "04b575f44233d30edbb80a94e57cad9107aada334fc02aabb42b6becd13c43fc"
      url: "https://pub.dev"
    source: hosted
    version: "1.0.5"
  package_info_plus_macos:
    dependency: transitive
    description:
      name: package_info_plus_macos
      sha256: a2ad8b4acf4cd479d4a0afa5a74ea3f5b1c7563b77e52cc32b3ee6956d5482a6
      url: "https://pub.dev"
    source: hosted
    version: "1.3.0"
  package_info_plus_platform_interface:
    dependency: transitive
    description:
      name: package_info_plus_platform_interface
      sha256: f7a0c8f1e7e981bc65f8b64137a53fd3c195b18d429fba960babc59a5a1c7ae8
      url: "https://pub.dev"
    source: hosted
    version: "1.0.2"
  package_info_plus_web:
    dependency: transitive
    description:
      name: package_info_plus_web
      sha256: d652f0a865d2da52856e2001c53e83fe34a6009cd8d8751d38cf8173c0abf906
      url: "https://pub.dev"
    source: hosted
    version: "1.0.5"
  package_info_plus_windows:
    dependency: transitive
    description:
      name: package_info_plus_windows
      sha256: a6040b8695c82f8dd3c3d4dfab7ef96fbe9c67aac21b9bcf5db272589ef84441
      url: "https://pub.dev"
    source: hosted
    version: "1.0.5"
  path:
    dependency: transitive
    description:
      name: path
      sha256: db9d4f58c908a4ba5953fcee2ae317c94889433e5024c27ce74a37f94267945b
      url: "https://pub.dev"
    source: hosted
    version: "1.8.2"
  path_drawing:
    dependency: transitive
    description:
      name: path_drawing
      sha256: a19347362f85a45aadf6bdfa3c04f18ff6676c445375eecd6251f9e09b9db551
      url: "https://pub.dev"
    source: hosted
    version: "1.0.0"
  path_parsing:
    dependency: transitive
    description:
      name: path_parsing
      sha256: "9508ebdf1c3ac3a68ad5fb15edab8b026382999f18f77352349e56fbd74183ac"
      url: "https://pub.dev"
    source: hosted
    version: "1.0.0"
  path_provider:
    dependency: transitive
    description:
      name: path_provider
      sha256: e92dee4d38a9044605cb3fb253e9b46eb9375dfcad4515d0379b44ac90797568
      url: "https://pub.dev"
    source: hosted
    version: "2.0.9"
  path_provider_android:
    dependency: transitive
    description:
      name: path_provider_android
      sha256: "8b759fb6c74955931e87f550cc9e890b0cccb7ef8e710943973efeaa9695c54d"
      url: "https://pub.dev"
    source: hosted
    version: "2.0.12"
  path_provider_ios:
    dependency: transitive
    description:
      name: path_provider_ios
      sha256: "943b76e54056386432cdc2731cb303e2f580346b61a1fc73819721767be72309"
      url: "https://pub.dev"
    source: hosted
    version: "2.0.8"
  path_provider_linux:
    dependency: transitive
    description:
      name: path_provider_linux
      sha256: "1e109f4df28bd95eab71e323008b53d19c4d633bc1ab05b577518773474e9621"
      url: "https://pub.dev"
    source: hosted
    version: "2.1.5"
  path_provider_macos:
    dependency: transitive
    description:
      name: path_provider_macos
      sha256: "0adeb313e1f2c3fc52baeeee59b0fe9c2d1f7da56fd96a9234e1702ec653a453"
      url: "https://pub.dev"
    source: hosted
    version: "2.0.5"
  path_provider_platform_interface:
    dependency: transitive
    description:
      name: path_provider_platform_interface
      sha256: "3dc0d51b07f85fec3746d9f4e8d31c73bb173cafa2e763f03f8df2e8d1878882"
      url: "https://pub.dev"
    source: hosted
    version: "2.0.3"
  path_provider_windows:
    dependency: transitive
    description:
      name: path_provider_windows
      sha256: "366ad4e3541ea707f859e7148d4d5aba67d589d7936cee04a05c464a277eeb27"
      url: "https://pub.dev"
    source: hosted
    version: "2.0.5"
  pedantic:
    dependency: transitive
    description:
      name: pedantic
      sha256: "67fc27ed9639506c856c840ccce7594d0bdcd91bc8d53d6e52359449a1d50602"
      url: "https://pub.dev"
    source: hosted
    version: "1.11.1"
  petitparser:
    dependency: transitive
    description:
      name: petitparser
      sha256: "1a914995d4ef10c94ff183528c120d35ed43b5eaa8713fc6766a9be4570782e2"
      url: "https://pub.dev"
    source: hosted
    version: "4.4.0"
  platform:
    dependency: transitive
    description:
      name: platform
      sha256: "4a451831508d7d6ca779f7ac6e212b4023dd5a7d08a27a63da33756410e32b76"
      url: "https://pub.dev"
    source: hosted
    version: "3.1.0"
  plugin_platform_interface:
    dependency: transitive
    description:
      name: plugin_platform_interface
      sha256: "075f927ebbab4262ace8d0b283929ac5410c0ac4e7fc123c76429564facfb757"
      url: "https://pub.dev"
    source: hosted
    version: "2.1.2"
  process:
    dependency: transitive
    description:
      name: process
      sha256: "53fd8db9cec1d37b0574e12f07520d582019cb6c44abf5479a01505099a34a09"
      url: "https://pub.dev"
    source: hosted
    version: "4.2.4"
  provider:
    dependency: "direct main"
    description:
      name: provider
      sha256: dc18c7bddb94a1eb3c3154587d16175a657356c80566712e6cd8ca4825eae112
      url: "https://pub.dev"
    source: hosted
    version: "6.0.1"
  razorpay_flutter:
    dependency: "direct main"
    description:
      name: razorpay_flutter
      sha256: "0d8b5241bdc7d8365a6d92e0d86efd1c69cf102b9dab5b723e2be983edaa1596"
      url: "https://pub.dev"
    source: hosted
    version: "1.3.0"
  rxdart:
    dependency: transitive
    description:
      name: rxdart
      sha256: bc2d2b17b87fab32e2dca53ca3066d3147de6f96c74d76cfe1a379a24239c46d
      url: "https://pub.dev"
    source: hosted
    version: "0.27.3"
  share_plus:
    dependency: "direct main"
    description:
      name: share_plus
      sha256: "2555f2a5be38cef10417ed926287fab766b9c2872df322a5006652471a44a6dd"
      url: "https://pub.dev"
    source: hosted
    version: "4.0.10"
  share_plus_linux:
    dependency: transitive
    description:
      name: share_plus_linux
      sha256: "308853d0472048e4c9b58ccc7faee6937732dc9fee7ab8e09f28bcd8d00a7a03"
      url: "https://pub.dev"
    source: hosted
    version: "3.0.0"
  share_plus_macos:
    dependency: transitive
    description:
      name: share_plus_macos
      sha256: "44daa946f2845045ecd7abb3569b61cd9a55ae9cc4cbec9895b2067b270697ae"
      url: "https://pub.dev"
    source: hosted
    version: "3.0.1"
  share_plus_platform_interface:
    dependency: transitive
    description:
      name: share_plus_platform_interface
      sha256: "04e7c8398fdb776943bb61d7ff109c84db15d1adffaac06696fb46761939be47"
      url: "https://pub.dev"
    source: hosted
    version: "3.0.3"
  share_plus_web:
    dependency: transitive
    description:
      name: share_plus_web
      sha256: a0ebda2843d923a839d6f02eaf58f95ef165370f9eb4504f21bf1cca40668a34
      url: "https://pub.dev"
    source: hosted
    version: "3.0.0"
  share_plus_windows:
    dependency: transitive
    description:
      name: share_plus_windows
      sha256: acd77157d19e4611a9742b68e9f1976d25af887db82a834f63033d29ef514b0e
      url: "https://pub.dev"
    source: hosted
    version: "3.0.0"
  shared_preferences:
    dependency: "direct main"
    description:
      name: shared_preferences
      sha256: "1cd0c3c0be0826eb52362ab018a81eed13b616ad9a52548c6ceb1bb349e6b6eb"
      url: "https://pub.dev"
    source: hosted
    version: "2.0.13"
  shared_preferences_android:
    dependency: transitive
    description:
      name: shared_preferences_android
      sha256: bc236594233d10b7668dd90414fe0e09d906115aaa1dfe269e478e5f2af532a6
      url: "https://pub.dev"
    source: hosted
    version: "2.0.11"
  shared_preferences_ios:
    dependency: transitive
    description:
      name: shared_preferences_ios
      sha256: "69d593a80fee48b97c66787eb930cdd42941c1537e80a1ff88a8c12a926c47d4"
      url: "https://pub.dev"
    source: hosted
    version: "2.1.0"
  shared_preferences_linux:
    dependency: transitive
    description:
      name: shared_preferences_linux
      sha256: ac361c65c4cf342dfc0a8b9e45eab66b9b3ad6eaff9785850d4ec0cf6b474422
      url: "https://pub.dev"
    source: hosted
    version: "2.1.0"
  shared_preferences_macos:
    dependency: transitive
    description:
      name: shared_preferences_macos
      sha256: f063907c3f678de8daa033d234b7c9e420df5fe3d499a97bfb82cc30cf171496
      url: "https://pub.dev"
    source: hosted
    version: "2.0.3"
  shared_preferences_platform_interface:
    dependency: transitive
    description:
      name: shared_preferences_platform_interface
      sha256: "992f0fdc46d0a3c0ac2e5859f2de0e577bbe51f78a77ee8f357cbe626a2ad32d"
      url: "https://pub.dev"
    source: hosted
    version: "2.0.0"
  shared_preferences_web:
    dependency: transitive
    description:
      name: shared_preferences_web
      sha256: "09da0185028a227d51721cade7a3cbd5cc5f163a19593266f2acba87f729bf9c"
      url: "https://pub.dev"
    source: hosted
    version: "2.0.3"
  shared_preferences_windows:
    dependency: transitive
    description:
      name: shared_preferences_windows
      sha256: ae68cf0df0910e38c95522dbd8a6082ce9715053c369750c5709d17de81d032e
      url: "https://pub.dev"
    source: hosted
    version: "2.1.0"
  sky_engine:
    dependency: transitive
    description: flutter
    source: sdk
    version: "0.0.99"
  source_span:
    dependency: transitive
    description:
      name: source_span
      sha256: dd904f795d4b4f3b870833847c461801f6750a9fa8e61ea5ac53f9422b31f250
      url: "https://pub.dev"
    source: hosted
    version: "1.9.1"
  sqflite:
    dependency: transitive
    description:
      name: sqflite
      sha256: "51c09d414ca74b1cd4a5880d63763ebd2033a4fc6d921708c7c1e98c603735d4"
      url: "https://pub.dev"
    source: hosted
    version: "2.0.2+1"
  sqflite_common:
    dependency: transitive
    description:
      name: sqflite_common
      sha256: b504fc5b4576a05586a0bb99d9bcc0d37a78d9d5ed68b96c361d5d3a8e538275
      url: "https://pub.dev"
    source: hosted
    version: "2.2.1+1"
  stack_trace:
    dependency: transitive
    description:
      name: stack_trace
      sha256: c3c7d8edb15bee7f0f74debd4b9c5f3c2ea86766fe4178eb2a18eb30a0bdaed5
      url: "https://pub.dev"
    source: hosted
    version: "1.11.0"
  stream_channel:
    dependency: transitive
    description:
      name: stream_channel
      sha256: "83615bee9045c1d322bbbd1ba209b7a749c2cbcdcb3fdd1df8eb488b3279c1c8"
      url: "https://pub.dev"
    source: hosted
    version: "2.1.1"
  string_scanner:
    dependency: transitive
    description:
      name: string_scanner
      sha256: "556692adab6cfa87322a115640c11f13cb77b3f076ddcc5d6ae3c20242bedcde"
      url: "https://pub.dev"
    source: hosted
    version: "1.2.0"
  synchronized:
    dependency: transitive
    description:
      name: synchronized
      sha256: a7f0790927c0806ae0d5eb061c713748fa6070ef0037e391a2d53c3844c09dc2
      url: "https://pub.dev"
    source: hosted
    version: "3.0.0+2"
  term_glyph:
    dependency: transitive
    description:
      name: term_glyph
      sha256: a29248a84fbb7c79282b40b8c72a1209db169a2e0542bce341da992fe1bc7e84
      url: "https://pub.dev"
    source: hosted
    version: "1.2.1"
  test_api:
    dependency: transitive
    description:
      name: test_api
      sha256: ad540f65f92caa91bf21dfc8ffb8c589d6e4dc0c2267818b4cc2792857706206
      url: "https://pub.dev"
    source: hosted
    version: "0.4.16"
  timelines:
    dependency: "direct main"
    description:
      name: timelines
      sha256: "40214f5ab772ff45459cb8c15e5f60505a6828af0c0eb1eec6f29ed911a4c1c5"
      url: "https://pub.dev"
    source: hosted
    version: "0.1.0"
  typed_data:
    dependency: transitive
    description:
      name: typed_data
      sha256: "53bdf7e979cfbf3e28987552fd72f637e63f3c8724c9e56d9246942dc2fa36ee"
      url: "https://pub.dev"
    source: hosted
    version: "1.3.0"
  url_launcher:
    dependency: "direct main"
    description:
      name: url_launcher
      sha256: "2d9de5efddbd134ee68d73d0735e7477c00bcbf1ee91afa37514d6c876d38587"
      url: "https://pub.dev"
    source: hosted
    version: "6.1.0"
  url_launcher_android:
    dependency: transitive
    description:
      name: url_launcher_android
      sha256: "25072592e1bb3a12cf4fabd0cef79c2682ab5b0c81bf367eb535c299f081a34e"
      url: "https://pub.dev"
    source: hosted
    version: "6.0.16"
  url_launcher_ios:
    dependency: transitive
    description:
      name: url_launcher_ios
      sha256: e51a93f0da65733beb69fdbc43cea524d86ed8e524479e9faefc9304cec34a57
      url: "https://pub.dev"
    source: hosted
    version: "6.0.15"
  url_launcher_linux:
    dependency: transitive
    description:
      name: url_launcher_linux
      sha256: c3ec89d52305ec647cf037eafe2be8d2f1149b5723d1f2ec716fc3d58469de5d
      url: "https://pub.dev"
    source: hosted
    version: "3.0.0"
  url_launcher_macos:
    dependency: transitive
    description:
      name: url_launcher_macos
      sha256: c028c7f80fdb99cf48b94c471c0f8b9b855a188f4865df76e2a7663ae640e9d2
      url: "https://pub.dev"
    source: hosted
    version: "3.0.0"
  url_launcher_platform_interface:
    dependency: transitive
    description:
      name: url_launcher_platform_interface
      sha256: "1b9c4dab07794498b83b5f938e26b20f68c3b460a3015b0307f9541cb34ef93d"
      url: "https://pub.dev"
    source: hosted
    version: "2.0.5"
  url_launcher_web:
    dependency: transitive
    description:
      name: url_launcher_web
      sha256: "2b5494722d4eb0fe1a12ceb15a4b132ba7dfc92793089c243bf109bed828d97f"
      url: "https://pub.dev"
    source: hosted
    version: "2.0.9"
  url_launcher_windows:
    dependency: transitive
    description:
      name: url_launcher_windows
      sha256: aa14bdb9265fa22416fc387b33e44eb37fd38768bf465fafcec73d283f3457b1
      url: "https://pub.dev"
    source: hosted
    version: "3.0.0"
  uuid:
    dependency: transitive
    description:
      name: uuid
      sha256: "2469694ad079893e3b434a627970c33f2fa5adc46dfe03c9617546969a9a8afc"
      url: "https://pub.dev"
    source: hosted
    version: "3.0.6"
  vector_math:
    dependency: transitive
    description:
      name: vector_math
      sha256: "80b3257d1492ce4d091729e3a67a60407d227c27241d6927be0130c98e741803"
      url: "https://pub.dev"
    source: hosted
    version: "2.1.4"
  win32:
    dependency: transitive
    description:
      name: win32
      sha256: "1709e736470cadbeefb717fb7936d014132d8a818de40f4be2f549a92ba50e82"
      url: "https://pub.dev"
    source: hosted
    version: "2.5.1"
  xdg_directories:
    dependency: transitive
    description:
      name: xdg_directories
      sha256: "060b6e1c891d956f72b5ac9463466c37cce3fa962a921532fc001e86fe93438e"
      url: "https://pub.dev"
    source: hosted
    version: "0.2.0+1"
  xml:
    dependency: transitive
    description:
      name: xml
      sha256: baa23bcba1ba4ce4b22c0c7a1d9c861e7015cb5169512676da0b85138e72840c
      url: "https://pub.dev"
    source: hosted
    version: "5.3.1"
sdks:
  dart: ">=2.18.0 <3.0.0"
  flutter: ">=2.10.0"
